{
    "_readme": [
        "This file locks the dependencies of your project to a known state",
        "Read more about it at https://getcomposer.org/doc/01-basic-usage.md#installing-dependencies",
        "This file is @generated automatically"
    ],
    "content-hash": "46a28948717cccf530fc83602b831af8",
    "packages": [
        {
            "name": "imberel/framework",
            "version": "dev-master",
            "source": {
                "type": "git",
                "url": "https://github.com/Imberel/Framework.git",
                "reference": "ecbe2641029a579f7a9e92278ddca0c865ae80b4"
            },
            "dist": {
                "type": "zip",
                "url": "https://api.github.com/repos/Imberel/Framework/zipball/ecbe2641029a579f7a9e92278ddca0c865ae80b4",
                "reference": "ecbe2641029a579f7a9e92278ddca0c865ae80b4",
                "shasum": ""
            },
            "require": {
                "php": "^8.0"
            },
            "default-branch": true,
            "type": "package",
            "autoload": {
                "psr-4": {
                    "Imberel\\Imberel\\Core\\": "core/"
                }
            },
            "notification-url": "https://packagist.org/downloads/",
            "license": [
                "MIT"
            ],
            "authors": [
                {
                    "name": "Binkap S",
                    "email": "real.desert.tiger@gmail.com"
                }
            ],
            "description": "Imberel framework",
            "keywords": [
                "framework",
                "imberel"
            ],
            "support": {
                "issues": "https://github.com/Imberel/Framework/issues",
                "source": "https://github.com/Imberel/Framework/tree/master"
            },
            "time": "2021-11-16T08:10:26+00:00"
        }
    ],
    "packages-dev": [],
    "aliases": [],
    "minimum-stability": "dev",
    "stability-flags": {
        "imberel/framework": 20
    },
    "prefer-stable": true,
    "prefer-lowest": false,
    "platform": {
        "php": "^8.0"
    },
    "platform-dev": [],
    "plugin-api-version": "2.1.0"
}
