{
    "_readme": [
        "This file locks the dependencies of your project to a known state",
        "Read more about it at https://getcomposer.org/doc/01-basic-usage.md#installing-dependencies",
        "This file is @generated automatically"
    ],
    "content-hash": "032f583c3e8198ab9d06d4f64d89bcce",
    "packages": [
        {
            "name": "imberel/core",
            "version": "dev-master",
            "source": {
                "type": "git",
                "url": "https://github.com/Imberel/Core.git",
                "reference": "9f185367205e4cf247019447d97f0d5906a71829"
            },
            "dist": {
                "type": "zip",
                "url": "https://api.github.com/repos/Imberel/Core/zipball/9f185367205e4cf247019447d97f0d5906a71829",
                "reference": "9f185367205e4cf247019447d97f0d5906a71829",
                "shasum": ""
            },
            "require": {
                "php": "^8.0"
            },
            "default-branch": true,
            "type": "package",
            "autoload": {
                "psr-4": {
                    "Imberel\\Imberel\\Core\\": "core/"
                }
            },
            "notification-url": "https://packagist.org/downloads/",
            "license": [
                "MIT"
            ],
            "authors": [
                {
                    "name": "Binkap S",
                    "email": "real.desert.tiger@gmail.com"
                }
            ],
            "description": "Imberel framework core",
            "keywords": [
                "core",
                "imberel"
            ],
            "support": {
                "issues": "https://github.com/Imberel/Core/issues",
                "source": "https://github.com/Imberel/Core/tree/master"
            },
            "time": "2021-11-13T15:42:33+00:00"
        }
    ],
    "packages-dev": [],
    "aliases": [],
    "minimum-stability": "dev",
    "stability-flags": {
        "imberel/core": 20
    },
    "prefer-stable": true,
    "prefer-lowest": false,
    "platform": {
        "php": "^8.0"
    },
    "platform-dev": [],
    "plugin-api-version": "2.1.0"
}
